
Microsoft Visual Studio Solution File, Format Version 12.00
# Visual Studio Version 17
VisualStudioVersion = 17.6.33815.320
MinimumVisualStudioVersion = 10.0.40219.1
Project("{FAE04EC0-301F-11D3-BF4B-00C04F79EFBC}") = "Calculate", "Calculate\Calculate.csproj", "{1A0687D8-3C99-495F-995D-5F59749B8329}"
EndProject
Project("{FAE04EC0-301F-11D3-BF4B-00C04F79EFBC}") = "CalculateConsole", "CalculateConsole\CalculateConsole.csproj", "{419BC4BA-21D3-4D7F-852C-8E8F7466C6F6}"
EndProject
Global
	GlobalSection(SolutionConfigurationPlatforms) = preSolution
		Debug|Any CPU = Debug|Any CPU
		Release|Any CPU = Release|Any CPU
	EndGlobalSection
	GlobalSection(ProjectConfigurationPlatforms) = postSolution
		{1A0687D8-3C99-495F-995D-5F59749B8329}.Debug|Any CPU.ActiveCfg = Debug|Any CPU
		{1A0687D8-3C99-495F-995D-5F59749B8329}.Debug|Any CPU.Build.0 = Debug|Any CPU
		{1A0687D8-3C99-495F-995D-5F59749B8329}.Release|Any CPU.ActiveCfg = Release|Any CPU
		{1A0687D8-3C99-495F-995D-5F59749B8329}.Release|Any CPU.Build.0 = Release|Any CPU
		{419BC4BA-21D3-4D7F-852C-8E8F7466C6F6}.Debug|Any CPU.ActiveCfg = Debug|Any CPU
		{419BC4BA-21D3-4D7F-852C-8E8F7466C6F6}.Debug|Any CPU.Build.0 = Debug|Any CPU
		{419BC4BA-21D3-4D7F-852C-8E8F7466C6F6}.Release|Any CPU.ActiveCfg = Release|Any CPU
		{419BC4BA-21D3-4D7F-852C-8E8F7466C6F6}.Release|Any CPU.Build.0 = Release|Any CPU
	EndGlobalSection
	GlobalSection(SolutionProperties) = preSolution
		HideSolutionNode = FALSE
	EndGlobalSection
	GlobalSection(ExtensibilityGlobals) = postSolution
		SolutionGuid = {8E6E806D-C4C0-442B-9A9E-F894451248BE}
	EndGlobalSection
EndGlobal
